
Microsoft Visual Studio Solution File, Format Version 12.00
# Visual Studio Version 16
VisualStudioVersion = 16.0.31702.278
MinimumVisualStudioVersion = 10.0.40219.1
Project("{FAE04EC0-301F-11D3-BF4B-00C04F79EFBC}") = "jeeviwebapp", "jeeviwebapp.csproj", "{EDD47508-1F93-4124-8F4B-2A3BB30703EC}"
EndProject
Global
	GlobalSection(SolutionConfigurationPlatforms) = preSolution
		Debug|Any CPU = Debug|Any CPU
		Release|Any CPU = Release|Any CPU
	EndGlobalSection
	GlobalSection(ProjectConfigurationPlatforms) = postSolution
		{EDD47508-1F93-4124-8F4B-2A3BB30703EC}.Debug|Any CPU.ActiveCfg = Debug|Any CPU
		{EDD47508-1F93-4124-8F4B-2A3BB30703EC}.Debug|Any CPU.Build.0 = Debug|Any CPU
		{EDD47508-1F93-4124-8F4B-2A3BB30703EC}.Release|Any CPU.ActiveCfg = Release|Any CPU
		{EDD47508-1F93-4124-8F4B-2A3BB30703EC}.Release|Any CPU.Build.0 = Release|Any CPU
	EndGlobalSection
	GlobalSection(SolutionProperties) = preSolution
		HideSolutionNode = FALSE
	EndGlobalSection
	GlobalSection(ExtensibilityGlobals) = postSolution
		SolutionGuid = {C376FD23-B322-45A7-9E3F-3C5A93FEB607}
	EndGlobalSection
EndGlobal
